
Microsoft Visual Studio Solution File, Format Version 12.00
# Visual Studio 15
VisualStudioVersion = 15.0.28010.2036
MinimumVisualStudioVersion = 10.0.40219.1
Project("{FAE04EC0-301F-11D3-BF4B-00C04F79EFBC}") = "App01", "App01\App01.csproj", "{37944A41-4189-4858-9A64-30E5351FE1C8}"
EndProject
Global
	GlobalSection(SolutionConfigurationPlatforms) = preSolution
		Debug|Any CPU = Debug|Any CPU
		Release|Any CPU = Release|Any CPU
	EndGlobalSection
	GlobalSection(ProjectConfigurationPlatforms) = postSolution
		{37944A41-4189-4858-9A64-30E5351FE1C8}.Debug|Any CPU.ActiveCfg = Debug|Any CPU
		{37944A41-4189-4858-9A64-30E5351FE1C8}.Debug|Any CPU.Build.0 = Debug|Any CPU
		{37944A41-4189-4858-9A64-30E5351FE1C8}.Release|Any CPU.ActiveCfg = Release|Any CPU
		{37944A41-4189-4858-9A64-30E5351FE1C8}.Release|Any CPU.Build.0 = Release|Any CPU
	EndGlobalSection
	GlobalSection(SolutionProperties) = preSolution
		HideSolutionNode = FALSE
	EndGlobalSection
	GlobalSection(ExtensibilityGlobals) = postSolution
		SolutionGuid = {AFFE66D1-2F68-427B-8FA5-B4505D1A7BB0}
	EndGlobalSection
EndGlobal
